// !$*UTF8*$!
{
	archiveVersion = 1;
	classes = {
	};
	objectVersion = 55;
	objects = {

/* Begin PBXBuildFile section */
		0122FA692914328500118577 /* RequestHandler.swift in Sources */ = {isa = PBXBuildFile; fileRef = 0122FA682914328500118577 /* RequestHandler.swift */; };
		0122FA6C2914350300118577 /* SwiftyBeaver in Frameworks */ = {isa = PBXBuildFile; productRef = 0122FA6B2914350300118577 /* SwiftyBeaver */; };
		0122FA6F2914351D00118577 /* Logger.swift in Sources */ = {isa = PBXBuildFile; fileRef = 0122FA6E2914351D00118577 /* Logger.swift */; };
		0122FA782914561D00118577 /* BaseWireframe.swift in Sources */ = {isa = PBXBuildFile; fileRef = 0122FA722914561D00118577 /* BaseWireframe.swift */; };
		0122FA7A2914561D00118577 /* UIStoryboardExtension.swift in Sources */ = {isa = PBXBuildFile; fileRef = 0122FA742914561D00118577 /* UIStoryboardExtension.swift */; };
		0122FA7B2914561D00118577 /* PresenterInterface.swift in Sources */ = {isa = PBXBuildFile; fileRef = 0122FA752914561D00118577 /* PresenterInterface.swift */; };
		0122FA7C2914561D00118577 /* ViewInterface.swift in Sources */ = {isa = PBXBuildFile; fileRef = 0122FA762914561D00118577 /* ViewInterface.swift */; };
		0122FA7D2914561D00118577 /* InteractorInterface.swift in Sources */ = {isa = PBXBuildFile; fileRef = 0122FA772914561D00118577 /* InteractorInterface.swift */; };
		0122FA832914569700118577 /* ListInterfaces.swift in Sources */ = {isa = PBXBuildFile; fileRef = 0122FA7E2914569700118577 /* ListInterfaces.swift */; };
		0122FA842914569700118577 /* ListPresenter.swift in Sources */ = {isa = PBXBuildFile; fileRef = 0122FA7F2914569700118577 /* ListPresenter.swift */; };
		0122FA852914569700118577 /* ListViewController.swift in Sources */ = {isa = PBXBuildFile; fileRef = 0122FA802914569700118577 /* ListViewController.swift */; };
		0122FA862914569700118577 /* ListInteractor.swift in Sources */ = {isa = PBXBuildFile; fileRef = 0122FA812914569700118577 /* ListInteractor.swift */; };
		0122FA872914569700118577 /* ListWireframe.swift in Sources */ = {isa = PBXBuildFile; fileRef = 0122FA822914569700118577 /* ListWireframe.swift */; };
		0122FA8C2915213000118577 /* Kingfisher in Frameworks */ = {isa = PBXBuildFile; productRef = 0122FA8B2915213000118577 /* Kingfisher */; };
		0139818229197F3800CD4D17 /* error-animation.json in Resources */ = {isa = PBXBuildFile; fileRef = 0139818129197F3800CD4D17 /* error-animation.json */; };
		014D73F12919888F001DC848 /* ConnectionManager.swift in Sources */ = {isa = PBXBuildFile; fileRef = 014D73F02919888F001DC848 /* ConnectionManager.swift */; };
		014D73FD2919A6DD001DC848 /* PokemonDetails.swift in Sources */ = {isa = PBXBuildFile; fileRef = 014D73FC2919A6DD001DC848 /* PokemonDetails.swift */; };
		0161A10C291577640019F3BC /* StringUtilitties.swift in Sources */ = {isa = PBXBuildFile; fileRef = 0161A10B291577640019F3BC /* StringUtilitties.swift */; };
		0161A10E291589160019F3BC /* ColorExtension.swift in Sources */ = {isa = PBXBuildFile; fileRef = 0161A10D291589160019F3BC /* ColorExtension.swift */; };
		0161A11329158BFF0019F3BC /* Localizable.strings in Resources */ = {isa = PBXBuildFile; fileRef = 0161A11529158BFF0019F3BC /* Localizable.strings */; };
		0161A11829158CD20019F3BC /* StringExtension.swift in Sources */ = {isa = PBXBuildFile; fileRef = 0161A11729158CD20019F3BC /* StringExtension.swift */; };
		0161A1232915A2DA0019F3BC /* DetailsInterfaces.swift in Sources */ = {isa = PBXBuildFile; fileRef = 0161A11E2915A2DA0019F3BC /* DetailsInterfaces.swift */; };
		0161A1242915A2DA0019F3BC /* DetailsPresenter.swift in Sources */ = {isa = PBXBuildFile; fileRef = 0161A11F2915A2DA0019F3BC /* DetailsPresenter.swift */; };
		0161A1252915A2DA0019F3BC /* DetailsViewController.swift in Sources */ = {isa = PBXBuildFile; fileRef = 0161A1202915A2DA0019F3BC /* DetailsViewController.swift */; };
		0161A1262915A2DA0019F3BC /* DetailsInteractor.swift in Sources */ = {isa = PBXBuildFile; fileRef = 0161A1212915A2DA0019F3BC /* DetailsInteractor.swift */; };
		0161A1272915A2DA0019F3BC /* DetailsWireframe.swift in Sources */ = {isa = PBXBuildFile; fileRef = 0161A1222915A2DA0019F3BC /* DetailsWireframe.swift */; };
		017224FE2916E60300198096 /* PokemonDetailsComponent.swift in Sources */ = {isa = PBXBuildFile; fileRef = 017224FD2916E60300198096 /* PokemonDetailsComponent.swift */; };
		017225002918380F00198096 /* EvolutionChainComponent.swift in Sources */ = {isa = PBXBuildFile; fileRef = 017224FF2918380F00198096 /* EvolutionChainComponent.swift */; };
		0172250829184C3100198096 /* Lottie in Frameworks */ = {isa = PBXBuildFile; productRef = 0172250729184C3100198096 /* Lottie */; };
		0172250A29184C4F00198096 /* PokeIndicator.swift in Sources */ = {isa = PBXBuildFile; fileRef = 0172250929184C4E00198096 /* PokeIndicator.swift */; };
		0172251029184E6F00198096 /* pokeball-loading-animation.json in Resources */ = {isa = PBXBuildFile; fileRef = 0172250F29184E6F00198096 /* pokeball-loading-animation.json */; };
		017225122918F23A00198096 /* PokeAlertView.swift in Sources */ = {isa = PBXBuildFile; fileRef = 017225112918F23A00198096 /* PokeAlertView.swift */; };
		017225152918FD6000198096 /* Action.swift in Sources */ = {isa = PBXBuildFile; fileRef = 017225142918FD6000198096 /* Action.swift */; };
		017225172918FD8400198096 /* ActionButton.swift in Sources */ = {isa = PBXBuildFile; fileRef = 017225162918FD8400198096 /* ActionButton.swift */; };
		01A31E13291AC7EE00907581 /* TypeComponent.swift in Sources */ = {isa = PBXBuildFile; fileRef = 01A31E12291AC7EE00907581 /* TypeComponent.swift */; };
		01A31E15291AC9DC00907581 /* UIImageExtension.swift in Sources */ = {isa = PBXBuildFile; fileRef = 01A31E14291AC9DC00907581 /* UIImageExtension.swift */; };
		01A31E17291AD0BE00907581 /* PokemonWithTitleComponent.swift in Sources */ = {isa = PBXBuildFile; fileRef = 01A31E16291AD0BE00907581 /* PokemonWithTitleComponent.swift */; };
		01A31E19291AD48700907581 /* PropertyListComponent.swift in Sources */ = {isa = PBXBuildFile; fileRef = 01A31E18291AD48700907581 /* PropertyListComponent.swift */; };
		01A31E1B291AD8E000907581 /* PokemonInfoComponent.swift in Sources */ = {isa = PBXBuildFile; fileRef = 01A31E1A291AD8E000907581 /* PokemonInfoComponent.swift */; };
		01A31E23291AEABC00907581 /* CataPokeTests.swift in Sources */ = {isa = PBXBuildFile; fileRef = 01A31E22291AEABC00907581 /* CataPokeTests.swift */; };
		01A31E2D291AEB6800907581 /* JSONTestHelper.swift in Sources */ = {isa = PBXBuildFile; fileRef = 01A31E2C291AEB6800907581 /* JSONTestHelper.swift */; };
		01A31E2F291AEB7900907581 /* MockURLProtocol.swift in Sources */ = {isa = PBXBuildFile; fileRef = 01A31E2E291AEB7900907581 /* MockURLProtocol.swift */; };
		01A31E33291AEBC400907581 /* PokeList.json in Resources */ = {isa = PBXBuildFile; fileRef = 01A31E32291AEBC400907581 /* PokeList.json */; };
		01A31E35291AEBFE00907581 /* ListServiceTests.swift in Sources */ = {isa = PBXBuildFile; fileRef = 01A31E34291AEBFE00907581 /* ListServiceTests.swift */; };
		01A31E3D291AEFE700907581 /* SpecyDetailsResponse.json in Resources */ = {isa = PBXBuildFile; fileRef = 01A31E3C291AEFE700907581 /* SpecyDetailsResponse.json */; };
		01A31E43291AF08300907581 /* PokemonDetailsResponse.json in Resources */ = {isa = PBXBuildFile; fileRef = 01A31E42291AF08300907581 /* PokemonDetailsResponse.json */; };
		01B6A8C8291AF0CA00066E41 /* EvolutionChainResponse.json in Resources */ = {isa = PBXBuildFile; fileRef = 01B6A8C7291AF0CA00066E41 /* EvolutionChainResponse.json */; };
		01B6A8CA291AF0E400066E41 /* SpeciesDeteailsServiceTest.swift in Sources */ = {isa = PBXBuildFile; fileRef = 01B6A8C9291AF0E400066E41 /* SpeciesDeteailsServiceTest.swift */; };
		01B6A8CC291B990000066E41 /* PokemonDeteailsServiceTest.swift in Sources */ = {isa = PBXBuildFile; fileRef = 01B6A8CB291B990000066E41 /* PokemonDeteailsServiceTest.swift */; };
		01B6A8D0291B9BD800066E41 /* EvolutionChainService.swift in Sources */ = {isa = PBXBuildFile; fileRef = 01B6A8CF291B9BD800066E41 /* EvolutionChainService.swift */; };
		01B6A8D5291BC84200066E41 /* ListInteractorTests.swift in Sources */ = {isa = PBXBuildFile; fileRef = 01B6A8D4291BC84200066E41 /* ListInteractorTests.swift */; };
		01B6A8D7291BCC0200066E41 /* ListPresenterTests.swift in Sources */ = {isa = PBXBuildFile; fileRef = 01B6A8D6291BCC0200066E41 /* ListPresenterTests.swift */; };
		01B6A8DA291BEF9400066E41 /* DetailsSceneInteractorTests.swift in Sources */ = {isa = PBXBuildFile; fileRef = 01B6A8D9291BEF9400066E41 /* DetailsSceneInteractorTests.swift */; };
		01B6A8DC291BF72F00066E41 /* CharizardSpecyDetails.json in Resources */ = {isa = PBXBuildFile; fileRef = 01B6A8DB291BF72F00066E41 /* CharizardSpecyDetails.json */; };
		01B6A8DE291BF75700066E41 /* CharizardPokemonDetails.json in Resources */ = {isa = PBXBuildFile; fileRef = 01B6A8DD291BF75700066E41 /* CharizardPokemonDetails.json */; };
		01B6A8E0291BF77200066E41 /* CharizardEvolutionChain.json in Resources */ = {isa = PBXBuildFile; fileRef = 01B6A8DF291BF77200066E41 /* CharizardEvolutionChain.json */; };
		01B6A8E3291BFBC400066E41 /* DetailsScenePresenterTests.swift in Sources */ = {isa = PBXBuildFile; fileRef = 01B6A8E2291BFBC400066E41 /* DetailsScenePresenterTests.swift */; };
		CE4C9CAB2820167200FEA589 /* AppDelegate.swift in Sources */ = {isa = PBXBuildFile; fileRef = CE4C9CAA2820167200FEA589 /* AppDelegate.swift */; };
		CE4C9CAD2820167200FEA589 /* SceneDelegate.swift in Sources */ = {isa = PBXBuildFile; fileRef = CE4C9CAC2820167200FEA589 /* SceneDelegate.swift */; };
		CE4C9CB42820167300FEA589 /* Assets.xcassets in Resources */ = {isa = PBXBuildFile; fileRef = CE4C9CB32820167300FEA589 /* Assets.xcassets */; };
		CE4C9CB72820167300FEA589 /* LaunchScreen.storyboard in Resources */ = {isa = PBXBuildFile; fileRef = CE4C9CB52820167300FEA589 /* LaunchScreen.storyboard */; };
		CE9303C32822706E0057188E /* Species.swift in Sources */ = {isa = PBXBuildFile; fileRef = CE9303C22822706E0057188E /* Species.swift */; };
		CE9303C5282270F60057188E /* EvolutionChain.swift in Sources */ = {isa = PBXBuildFile; fileRef = CE9303C4282270F60057188E /* EvolutionChain.swift */; };
		CE9303CA282271990057188E /* APIRoute.swift in Sources */ = {isa = PBXBuildFile; fileRef = CE9303C9282271990057188E /* APIRoute.swift */; };
		CE9303CC2822741F0057188E /* RequestHandling.swift in Sources */ = {isa = PBXBuildFile; fileRef = CE9303CB2822741F0057188E /* RequestHandling.swift */; };
		CE9303D128227CDE0057188E /* ListCell.swift in Sources */ = {isa = PBXBuildFile; fileRef = CE9303D028227CDE0057188E /* ListCell.swift */; };
		CE9303D92822D1D30057188E /* SpeciesDetails.swift in Sources */ = {isa = PBXBuildFile; fileRef = CE9303D82822D1D30057188E /* SpeciesDetails.swift */; };
/* End PBXBuildFile section */

/* Begin PBXContainerItemProxy section */
		01A31E24291AEABC00907581 /* PBXContainerItemProxy */ = {
			isa = PBXContainerItemProxy;
			containerPortal = CE4C9C9F2820167200FEA589 /* Project object */;
			proxyType = 1;
			remoteGlobalIDString = CE4C9CA62820167200FEA589;
			remoteInfo = CataPoke;
		};
/* End PBXContainerItemProxy section */

/* Begin PBXFileReference section */
		0122FA682914328500118577 /* RequestHandler.swift */ = {isa = PBXFileReference; lastKnownFileType = sourcecode.swift; path = RequestHandler.swift; sourceTree = "<group>"; };
		0122FA6E2914351D00118577 /* Logger.swift */ = {isa = PBXFileReference; lastKnownFileType = sourcecode.swift; path = Logger.swift; sourceTree = "<group>"; };
		0122FA722914561D00118577 /* BaseWireframe.swift */ = {isa = PBXFileReference; lastKnownFileType = sourcecode.swift; path = BaseWireframe.swift; sourceTree = "<group>"; };
		0122FA742914561D00118577 /* UIStoryboardExtension.swift */ = {isa = PBXFileReference; lastKnownFileType = sourcecode.swift; path = UIStoryboardExtension.swift; sourceTree = "<group>"; };
		0122FA752914561D00118577 /* PresenterInterface.swift */ = {isa = PBXFileReference; lastKnownFileType = sourcecode.swift; path = PresenterInterface.swift; sourceTree = "<group>"; };
		0122FA762914561D00118577 /* ViewInterface.swift */ = {isa = PBXFileReference; lastKnownFileType = sourcecode.swift; path = ViewInterface.swift; sourceTree = "<group>"; };
		0122FA772914561D00118577 /* InteractorInterface.swift */ = {isa = PBXFileReference; lastKnownFileType = sourcecode.swift; path = InteractorInterface.swift; sourceTree = "<group>"; };
		0122FA7E2914569700118577 /* ListInterfaces.swift */ = {isa = PBXFileReference; lastKnownFileType = sourcecode.swift; path = ListInterfaces.swift; sourceTree = "<group>"; };
		0122FA7F2914569700118577 /* ListPresenter.swift */ = {isa = PBXFileReference; lastKnownFileType = sourcecode.swift; path = ListPresenter.swift; sourceTree = "<group>"; };
		0122FA802914569700118577 /* ListViewController.swift */ = {isa = PBXFileReference; lastKnownFileType = sourcecode.swift; path = ListViewController.swift; sourceTree = "<group>"; };
		0122FA812914569700118577 /* ListInteractor.swift */ = {isa = PBXFileReference; lastKnownFileType = sourcecode.swift; path = ListInteractor.swift; sourceTree = "<group>"; };
		0122FA822914569700118577 /* ListWireframe.swift */ = {isa = PBXFileReference; lastKnownFileType = sourcecode.swift; path = ListWireframe.swift; sourceTree = "<group>"; };
		0139818129197F3800CD4D17 /* error-animation.json */ = {isa = PBXFileReference; fileEncoding = 4; lastKnownFileType = text.json; path = "error-animation.json"; sourceTree = "<group>"; };
		014D73F02919888F001DC848 /* ConnectionManager.swift */ = {isa = PBXFileReference; lastKnownFileType = sourcecode.swift; path = ConnectionManager.swift; sourceTree = "<group>"; };
		014D73FC2919A6DD001DC848 /* PokemonDetails.swift */ = {isa = PBXFileReference; lastKnownFileType = sourcecode.swift; path = PokemonDetails.swift; sourceTree = "<group>"; };
		0161A10B291577640019F3BC /* StringUtilitties.swift */ = {isa = PBXFileReference; lastKnownFileType = sourcecode.swift; path = StringUtilitties.swift; sourceTree = "<group>"; };
		0161A10D291589160019F3BC /* ColorExtension.swift */ = {isa = PBXFileReference; lastKnownFileType = sourcecode.swift; path = ColorExtension.swift; sourceTree = "<group>"; };
		0161A11429158BFF0019F3BC /* en */ = {isa = PBXFileReference; lastKnownFileType = text.plist.strings; name = en; path = en.lproj/Localizable.strings; sourceTree = "<group>"; };
		0161A11629158C180019F3BC /* tr */ = {isa = PBXFileReference; lastKnownFileType = text.plist.strings; name = tr; path = tr.lproj/Localizable.strings; sourceTree = "<group>"; };
		0161A11729158CD20019F3BC /* StringExtension.swift */ = {isa = PBXFileReference; lastKnownFileType = sourcecode.swift; path = StringExtension.swift; sourceTree = "<group>"; };
		0161A11E2915A2DA0019F3BC /* DetailsInterfaces.swift */ = {isa = PBXFileReference; lastKnownFileType = sourcecode.swift; path = DetailsInterfaces.swift; sourceTree = "<group>"; };
		0161A11F2915A2DA0019F3BC /* DetailsPresenter.swift */ = {isa = PBXFileReference; lastKnownFileType = sourcecode.swift; path = DetailsPresenter.swift; sourceTree = "<group>"; };
		0161A1202915A2DA0019F3BC /* DetailsViewController.swift */ = {isa = PBXFileReference; lastKnownFileType = sourcecode.swift; path = DetailsViewController.swift; sourceTree = "<group>"; };
		0161A1212915A2DA0019F3BC /* DetailsInteractor.swift */ = {isa = PBXFileReference; lastKnownFileType = sourcecode.swift; path = DetailsInteractor.swift; sourceTree = "<group>"; };
		0161A1222915A2DA0019F3BC /* DetailsWireframe.swift */ = {isa = PBXFileReference; lastKnownFileType = sourcecode.swift; path = DetailsWireframe.swift; sourceTree = "<group>"; };
		017224FD2916E60300198096 /* PokemonDetailsComponent.swift */ = {isa = PBXFileReference; lastKnownFileType = sourcecode.swift; path = PokemonDetailsComponent.swift; sourceTree = "<group>"; };
		017224FF2918380F00198096 /* EvolutionChainComponent.swift */ = {isa = PBXFileReference; lastKnownFileType = sourcecode.swift; path = EvolutionChainComponent.swift; sourceTree = "<group>"; };
		0172250929184C4E00198096 /* PokeIndicator.swift */ = {isa = PBXFileReference; fileEncoding = 4; lastKnownFileType = sourcecode.swift; path = PokeIndicator.swift; sourceTree = "<group>"; };
		0172250F29184E6F00198096 /* pokeball-loading-animation.json */ = {isa = PBXFileReference; fileEncoding = 4; lastKnownFileType = text.json; path = "pokeball-loading-animation.json"; sourceTree = "<group>"; };
		017225112918F23A00198096 /* PokeAlertView.swift */ = {isa = PBXFileReference; lastKnownFileType = sourcecode.swift; path = PokeAlertView.swift; sourceTree = "<group>"; };
		017225142918FD6000198096 /* Action.swift */ = {isa = PBXFileReference; lastKnownFileType = sourcecode.swift; path = Action.swift; sourceTree = "<group>"; };
		017225162918FD8400198096 /* ActionButton.swift */ = {isa = PBXFileReference; lastKnownFileType = sourcecode.swift; path = ActionButton.swift; sourceTree = "<group>"; };
		01A31E12291AC7EE00907581 /* TypeComponent.swift */ = {isa = PBXFileReference; lastKnownFileType = sourcecode.swift; path = TypeComponent.swift; sourceTree = "<group>"; };
		01A31E14291AC9DC00907581 /* UIImageExtension.swift */ = {isa = PBXFileReference; lastKnownFileType = sourcecode.swift; path = UIImageExtension.swift; sourceTree = "<group>"; };
		01A31E16291AD0BE00907581 /* PokemonWithTitleComponent.swift */ = {isa = PBXFileReference; lastKnownFileType = sourcecode.swift; path = PokemonWithTitleComponent.swift; sourceTree = "<group>"; };
		01A31E18291AD48700907581 /* PropertyListComponent.swift */ = {isa = PBXFileReference; lastKnownFileType = sourcecode.swift; path = PropertyListComponent.swift; sourceTree = "<group>"; };
		01A31E1A291AD8E000907581 /* PokemonInfoComponent.swift */ = {isa = PBXFileReference; lastKnownFileType = sourcecode.swift; path = PokemonInfoComponent.swift; sourceTree = "<group>"; };
		01A31E20291AEABC00907581 /* CataPokeTests.xctest */ = {isa = PBXFileReference; explicitFileType = wrapper.cfbundle; includeInIndex = 0; path = CataPokeTests.xctest; sourceTree = BUILT_PRODUCTS_DIR; };
		01A31E22291AEABC00907581 /* CataPokeTests.swift */ = {isa = PBXFileReference; lastKnownFileType = sourcecode.swift; path = CataPokeTests.swift; sourceTree = "<group>"; };
		01A31E2C291AEB6800907581 /* JSONTestHelper.swift */ = {isa = PBXFileReference; lastKnownFileType = sourcecode.swift; path = JSONTestHelper.swift; sourceTree = "<group>"; };
		01A31E2E291AEB7900907581 /* MockURLProtocol.swift */ = {isa = PBXFileReference; lastKnownFileType = sourcecode.swift; path = MockURLProtocol.swift; sourceTree = "<group>"; };
		01A31E32291AEBC400907581 /* PokeList.json */ = {isa = PBXFileReference; lastKnownFileType = text.json; path = PokeList.json; sourceTree = "<group>"; };
		01A31E34291AEBFE00907581 /* ListServiceTests.swift */ = {isa = PBXFileReference; lastKnownFileType = sourcecode.swift; path = ListServiceTests.swift; sourceTree = "<group>"; };
		01A31E3C291AEFE700907581 /* SpecyDetailsResponse.json */ = {isa = PBXFileReference; lastKnownFileType = text.json; path = SpecyDetailsResponse.json; sourceTree = "<group>"; };
		01A31E42291AF08300907581 /* PokemonDetailsResponse.json */ = {isa = PBXFileReference; lastKnownFileType = text.json; path = PokemonDetailsResponse.json; sourceTree = "<group>"; };
		01B6A8C7291AF0CA00066E41 /* EvolutionChainResponse.json */ = {isa = PBXFileReference; lastKnownFileType = text.json; path = EvolutionChainResponse.json; sourceTree = "<group>"; };
		01B6A8C9291AF0E400066E41 /* SpeciesDeteailsServiceTest.swift */ = {isa = PBXFileReference; lastKnownFileType = sourcecode.swift; path = SpeciesDeteailsServiceTest.swift; sourceTree = "<group>"; };
		01B6A8CB291B990000066E41 /* PokemonDeteailsServiceTest.swift */ = {isa = PBXFileReference; lastKnownFileType = sourcecode.swift; path = PokemonDeteailsServiceTest.swift; sourceTree = "<group>"; };
		01B6A8CF291B9BD800066E41 /* EvolutionChainService.swift */ = {isa = PBXFileReference; lastKnownFileType = sourcecode.swift; path = EvolutionChainService.swift; sourceTree = "<group>"; };
		01B6A8D4291BC84200066E41 /* ListInteractorTests.swift */ = {isa = PBXFileReference; lastKnownFileType = sourcecode.swift; path = ListInteractorTests.swift; sourceTree = "<group>"; };
		01B6A8D6291BCC0200066E41 /* ListPresenterTests.swift */ = {isa = PBXFileReference; lastKnownFileType = sourcecode.swift; path = ListPresenterTests.swift; sourceTree = "<group>"; };
		01B6A8D9291BEF9400066E41 /* DetailsSceneInteractorTests.swift */ = {isa = PBXFileReference; lastKnownFileType = sourcecode.swift; path = DetailsSceneInteractorTests.swift; sourceTree = "<group>"; };
		01B6A8DB291BF72F00066E41 /* CharizardSpecyDetails.json */ = {isa = PBXFileReference; lastKnownFileType = text.json; path = CharizardSpecyDetails.json; sourceTree = "<group>"; };
		01B6A8DD291BF75700066E41 /* CharizardPokemonDetails.json */ = {isa = PBXFileReference; lastKnownFileType = text.json; path = CharizardPokemonDetails.json; sourceTree = "<group>"; };
		01B6A8DF291BF77200066E41 /* CharizardEvolutionChain.json */ = {isa = PBXFileReference; lastKnownFileType = text.json; path = CharizardEvolutionChain.json; sourceTree = "<group>"; };
		01B6A8E2291BFBC400066E41 /* DetailsScenePresenterTests.swift */ = {isa = PBXFileReference; lastKnownFileType = sourcecode.swift; path = DetailsScenePresenterTests.swift; sourceTree = "<group>"; };
		CE4C9CA72820167200FEA589 /* CataPoke.app */ = {isa = PBXFileReference; explicitFileType = wrapper.application; includeInIndex = 0; path = CataPoke.app; sourceTree = BUILT_PRODUCTS_DIR; };
		CE4C9CAA2820167200FEA589 /* AppDelegate.swift */ = {isa = PBXFileReference; lastKnownFileType = sourcecode.swift; path = AppDelegate.swift; sourceTree = "<group>"; };
		CE4C9CAC2820167200FEA589 /* SceneDelegate.swift */ = {isa = PBXFileReference; lastKnownFileType = sourcecode.swift; path = SceneDelegate.swift; sourceTree = "<group>"; };
		CE4C9CB32820167300FEA589 /* Assets.xcassets */ = {isa = PBXFileReference; lastKnownFileType = folder.assetcatalog; path = Assets.xcassets; sourceTree = "<group>"; };
		CE4C9CB62820167300FEA589 /* Base */ = {isa = PBXFileReference; lastKnownFileType = file.storyboard; name = Base; path = Base.lproj/LaunchScreen.storyboard; sourceTree = "<group>"; };
		CE4C9CB82820167300FEA589 /* Info.plist */ = {isa = PBXFileReference; lastKnownFileType = text.plist.xml; path = Info.plist; sourceTree = "<group>"; };
		CE9303C22822706E0057188E /* Species.swift */ = {isa = PBXFileReference; lastKnownFileType = sourcecode.swift; path = Species.swift; sourceTree = "<group>"; };
		CE9303C4282270F60057188E /* EvolutionChain.swift */ = {isa = PBXFileReference; lastKnownFileType = sourcecode.swift; path = EvolutionChain.swift; sourceTree = "<group>"; };
		CE9303C9282271990057188E /* APIRoute.swift */ = {isa = PBXFileReference; lastKnownFileType = sourcecode.swift; path = APIRoute.swift; sourceTree = "<group>"; };
		CE9303CB2822741F0057188E /* RequestHandling.swift */ = {isa = PBXFileReference; lastKnownFileType = sourcecode.swift; path = RequestHandling.swift; sourceTree = "<group>"; };
		CE9303D028227CDE0057188E /* ListCell.swift */ = {isa = PBXFileReference; lastKnownFileType = sourcecode.swift; path = ListCell.swift; sourceTree = "<group>"; };
		CE9303D52822D0200057188E /* README.md */ = {isa = PBXFileReference; fileEncoding = 4; lastKnownFileType = net.daringfireball.markdown; path = README.md; sourceTree = "<group>"; };
		CE9303D82822D1D30057188E /* SpeciesDetails.swift */ = {isa = PBXFileReference; lastKnownFileType = sourcecode.swift; path = SpeciesDetails.swift; sourceTree = "<group>"; };
/* End PBXFileReference section */

/* Begin PBXFrameworksBuildPhase section */
		01A31E1D291AEABC00907581 /* Frameworks */ = {
			isa = PBXFrameworksBuildPhase;
			buildActionMask = 2147483647;
			files = (
			);
			runOnlyForDeploymentPostprocessing = 0;
		};
		CE4C9CA42820167200FEA589 /* Frameworks */ = {
			isa = PBXFrameworksBuildPhase;
			buildActionMask = 2147483647;
			files = (
				0172250829184C3100198096 /* Lottie in Frameworks */,
				0122FA8C2915213000118577 /* Kingfisher in Frameworks */,
				0122FA6C2914350300118577 /* SwiftyBeaver in Frameworks */,
			);
			runOnlyForDeploymentPostprocessing = 0;
		};
/* End PBXFrameworksBuildPhase section */

/* Begin PBXGroup section */
		0122FA6D2914350F00118577 /* Utilties */ = {
			isa = PBXGroup;
			children = (
				014D73F229198A44001DC848 /* Extensions */,
				0122FA6E2914351D00118577 /* Logger.swift */,
				0161A10B291577640019F3BC /* StringUtilitties.swift */,
				014D73F02919888F001DC848 /* ConnectionManager.swift */,
			);
			path = Utilties;
			sourceTree = "<group>";
		};
		0122FA702914555900118577 /* Scenes */ = {
			isa = PBXGroup;
			children = (
				CE9303CF282279F60057188E /* List */,
				CE9303D22822A9230057188E /* Details */,
			);
			path = Scenes;
			sourceTree = "<group>";
		};
		0122FA712914561100118577 /* BaseViper */ = {
			isa = PBXGroup;
			children = (
				0122FA722914561D00118577 /* BaseWireframe.swift */,
				0122FA742914561D00118577 /* UIStoryboardExtension.swift */,
				0122FA752914561D00118577 /* PresenterInterface.swift */,
				0122FA762914561D00118577 /* ViewInterface.swift */,
				0122FA772914561D00118577 /* InteractorInterface.swift */,
			);
			path = BaseViper;
			sourceTree = "<group>";
		};
		014D73F229198A44001DC848 /* Extensions */ = {
			isa = PBXGroup;
			children = (
				0161A10D291589160019F3BC /* ColorExtension.swift */,
				0161A11729158CD20019F3BC /* StringExtension.swift */,
				01A31E14291AC9DC00907581 /* UIImageExtension.swift */,
			);
			path = Extensions;
			sourceTree = "<group>";
		};
		0161A11029158BDA0019F3BC /* Resources */ = {
			isa = PBXGroup;
			children = (
				0172250C29184E4400198096 /* Lottie */,
				0172250B29184E3D00198096 /* Localization */,
				0161A11529158BFF0019F3BC /* Localizable.strings */,
			);
			path = Resources;
			sourceTree = "<group>";
		};
		017224FC2916E5D300198096 /* Components */ = {
			isa = PBXGroup;
			children = (
				017225132918FD4900198096 /* PokeAlertView */,
				0172250929184C4E00198096 /* PokeIndicator.swift */,
				017224FD2916E60300198096 /* PokemonDetailsComponent.swift */,
				017224FF2918380F00198096 /* EvolutionChainComponent.swift */,
				01A31E12291AC7EE00907581 /* TypeComponent.swift */,
				01A31E16291AD0BE00907581 /* PokemonWithTitleComponent.swift */,
				01A31E18291AD48700907581 /* PropertyListComponent.swift */,
				01A31E1A291AD8E000907581 /* PokemonInfoComponent.swift */,
			);
			path = Components;
			sourceTree = "<group>";
		};
		0172250B29184E3D00198096 /* Localization */ = {
			isa = PBXGroup;
			children = (
			);
			path = Localization;
			sourceTree = "<group>";
		};
		0172250C29184E4400198096 /* Lottie */ = {
			isa = PBXGroup;
			children = (
				0139818129197F3800CD4D17 /* error-animation.json */,
				0172250F29184E6F00198096 /* pokeball-loading-animation.json */,
			);
			path = Lottie;
			sourceTree = "<group>";
		};
		017225132918FD4900198096 /* PokeAlertView */ = {
			isa = PBXGroup;
			children = (
				017225112918F23A00198096 /* PokeAlertView.swift */,
				017225142918FD6000198096 /* Action.swift */,
				017225162918FD8400198096 /* ActionButton.swift */,
			);
			path = PokeAlertView;
			sourceTree = "<group>";
		};
		01A31E21291AEABC00907581 /* CataPokeTests */ = {
			isa = PBXGroup;
			children = (
				01A31E2B291AEB5800907581 /* TestUtilities */,
				01A31E2A291AEB3100907581 /* ServiceTests */,
				01A31E29291AEB2600907581 /* SceneTests */,
			);
			path = CataPokeTests;
			sourceTree = "<group>";
		};
		01A31E29291AEB2600907581 /* SceneTests */ = {
			isa = PBXGroup;
			children = (
				01B6A8D8291BD85F00066E41 /* DetailsSceneTests */,
				01B6A8D3291BC82B00066E41 /* ListSceneTests */,
				01A31E22291AEABC00907581 /* CataPokeTests.swift */,
			);
			path = SceneTests;
			sourceTree = "<group>";
		};
		01A31E2A291AEB3100907581 /* ServiceTests */ = {
			isa = PBXGroup;
			children = (
				01A31E38291AEFC100907581 /* EvolutionChain */,
				01A31E37291AEFBB00907581 /* PokemonDetails */,
				01A31E36291AEFA800907581 /* SpecyDetails */,
				01A31E30291AEB9100907581 /* ListTests */,
			);
			path = ServiceTests;
			sourceTree = "<group>";
		};
		01A31E2B291AEB5800907581 /* TestUtilities */ = {
			isa = PBXGroup;
			children = (
				01A31E2C291AEB6800907581 /* JSONTestHelper.swift */,
				01A31E2E291AEB7900907581 /* MockURLProtocol.swift */,
			);
			path = TestUtilities;
			sourceTree = "<group>";
		};
		01A31E30291AEB9100907581 /* ListTests */ = {
			isa = PBXGroup;
			children = (
				01A31E31291AEBA500907581 /* Resources */,
				01A31E34291AEBFE00907581 /* ListServiceTests.swift */,
			);
			path = ListTests;
			sourceTree = "<group>";
		};
		01A31E31291AEBA500907581 /* Resources */ = {
			isa = PBXGroup;
			children = (
				01A31E32291AEBC400907581 /* PokeList.json */,
			);
			path = Resources;
			sourceTree = "<group>";
		};
		01A31E36291AEFA800907581 /* SpecyDetails */ = {
			isa = PBXGroup;
			children = (
				01A31E39291AEFCD00907581 /* Resources */,
				01B6A8C9291AF0E400066E41 /* SpeciesDeteailsServiceTest.swift */,
			);
			path = SpecyDetails;
			sourceTree = "<group>";
		};
		01A31E37291AEFBB00907581 /* PokemonDetails */ = {
			isa = PBXGroup;
			children = (
				01A31E3A291AEFD100907581 /* Resources */,
				01B6A8CB291B990000066E41 /* PokemonDeteailsServiceTest.swift */,
			);
			path = PokemonDetails;
			sourceTree = "<group>";
		};
		01A31E38291AEFC100907581 /* EvolutionChain */ = {
			isa = PBXGroup;
			children = (
				01A31E3B291AEFD400907581 /* Resources */,
				01B6A8CF291B9BD800066E41 /* EvolutionChainService.swift */,
			);
			path = EvolutionChain;
			sourceTree = "<group>";
		};
		01A31E39291AEFCD00907581 /* Resources */ = {
			isa = PBXGroup;
			children = (
				01A31E3C291AEFE700907581 /* SpecyDetailsResponse.json */,
			);
			path = Resources;
			sourceTree = "<group>";
		};
		01A31E3A291AEFD100907581 /* Resources */ = {
			isa = PBXGroup;
			children = (
				01A31E42291AF08300907581 /* PokemonDetailsResponse.json */,
			);
			path = Resources;
			sourceTree = "<group>";
		};
		01A31E3B291AEFD400907581 /* Resources */ = {
			isa = PBXGroup;
			children = (
				01B6A8C7291AF0CA00066E41 /* EvolutionChainResponse.json */,
			);
			path = Resources;
			sourceTree = "<group>";
		};
		01B6A8D3291BC82B00066E41 /* ListSceneTests */ = {
			isa = PBXGroup;
			children = (
				01B6A8D4291BC84200066E41 /* ListInteractorTests.swift */,
				01B6A8D6291BCC0200066E41 /* ListPresenterTests.swift */,
			);
			path = ListSceneTests;
			sourceTree = "<group>";
		};
		01B6A8D8291BD85F00066E41 /* DetailsSceneTests */ = {
			isa = PBXGroup;
			children = (
				01B6A8E1291BF7B000066E41 /* Resources */,
				01B6A8D9291BEF9400066E41 /* DetailsSceneInteractorTests.swift */,
				01B6A8E2291BFBC400066E41 /* DetailsScenePresenterTests.swift */,
			);
			path = DetailsSceneTests;
			sourceTree = "<group>";
		};
		01B6A8E1291BF7B000066E41 /* Resources */ = {
			isa = PBXGroup;
			children = (
				01B6A8DB291BF72F00066E41 /* CharizardSpecyDetails.json */,
				01B6A8DD291BF75700066E41 /* CharizardPokemonDetails.json */,
				01B6A8DF291BF77200066E41 /* CharizardEvolutionChain.json */,
			);
			path = Resources;
			sourceTree = "<group>";
		};
		CE4C9C9E2820167200FEA589 = {
			isa = PBXGroup;
			children = (
				CE9303D52822D0200057188E /* README.md */,
				CE4C9CA92820167200FEA589 /* CataPoke */,
				01A31E21291AEABC00907581 /* CataPokeTests */,
				CE4C9CA82820167200FEA589 /* Products */,
			);
			sourceTree = "<group>";
		};
		CE4C9CA82820167200FEA589 /* Products */ = {
			isa = PBXGroup;
			children = (
				CE4C9CA72820167200FEA589 /* CataPoke.app */,
				01A31E20291AEABC00907581 /* CataPokeTests.xctest */,
			);
			name = Products;
			sourceTree = "<group>";
		};
		CE4C9CA92820167200FEA589 /* CataPoke */ = {
			isa = PBXGroup;
			children = (
				0161A11029158BDA0019F3BC /* Resources */,
				0122FA712914561100118577 /* BaseViper */,
				017224FC2916E5D300198096 /* Components */,
				0122FA702914555900118577 /* Scenes */,
				0122FA6D2914350F00118577 /* Utilties */,
				CE9303C128226EDC0057188E /* Models */,
				CE9303C8282271730057188E /* Network */,
				CE4C9CAA2820167200FEA589 /* AppDelegate.swift */,
				CE4C9CAC2820167200FEA589 /* SceneDelegate.swift */,
				CE4C9CB32820167300FEA589 /* Assets.xcassets */,
				CE4C9CB82820167300FEA589 /* Info.plist */,
				CE4C9CB52820167300FEA589 /* LaunchScreen.storyboard */,
			);
			path = CataPoke;
			sourceTree = "<group>";
		};
		CE9303C128226EDC0057188E /* Models */ = {
			isa = PBXGroup;
			children = (
				CE9303C4282270F60057188E /* EvolutionChain.swift */,
				CE9303C22822706E0057188E /* Species.swift */,
				CE9303D82822D1D30057188E /* SpeciesDetails.swift */,
				014D73FC2919A6DD001DC848 /* PokemonDetails.swift */,
			);
			path = Models;
			sourceTree = "<group>";
		};
		CE9303C8282271730057188E /* Network */ = {
			isa = PBXGroup;
			children = (
				CE9303C9282271990057188E /* APIRoute.swift */,
				CE9303CB2822741F0057188E /* RequestHandling.swift */,
				0122FA682914328500118577 /* RequestHandler.swift */,
			);
			path = Network;
			sourceTree = "<group>";
		};
		CE9303CF282279F60057188E /* List */ = {
			isa = PBXGroup;
			children = (
				CE9303D028227CDE0057188E /* ListCell.swift */,
				0122FA7E2914569700118577 /* ListInterfaces.swift */,
				0122FA7F2914569700118577 /* ListPresenter.swift */,
				0122FA802914569700118577 /* ListViewController.swift */,
				0122FA812914569700118577 /* ListInteractor.swift */,
				0122FA822914569700118577 /* ListWireframe.swift */,
			);
			path = List;
			sourceTree = "<group>";
		};
		CE9303D22822A9230057188E /* Details */ = {
			isa = PBXGroup;
			children = (
				0161A11E2915A2DA0019F3BC /* DetailsInterfaces.swift */,
				0161A11F2915A2DA0019F3BC /* DetailsPresenter.swift */,
				0161A1202915A2DA0019F3BC /* DetailsViewController.swift */,
				0161A1212915A2DA0019F3BC /* DetailsInteractor.swift */,
				0161A1222915A2DA0019F3BC /* DetailsWireframe.swift */,
			);
			path = Details;
			sourceTree = "<group>";
		};
/* End PBXGroup section */

/* Begin PBXNativeTarget section */
		01A31E1F291AEABC00907581 /* CataPokeTests */ = {
			isa = PBXNativeTarget;
			buildConfigurationList = 01A31E26291AEABC00907581 /* Build configuration list for PBXNativeTarget "CataPokeTests" */;
			buildPhases = (
				01A31E1C291AEABC00907581 /* Sources */,
				01A31E1D291AEABC00907581 /* Frameworks */,
				01A31E1E291AEABC00907581 /* Resources */,
			);
			buildRules = (
			);
			dependencies = (
				01A31E25291AEABC00907581 /* PBXTargetDependency */,
			);
			name = CataPokeTests;
			productName = CataPokeTests;
			productReference = 01A31E20291AEABC00907581 /* CataPokeTests.xctest */;
			productType = "com.apple.product-type.bundle.unit-test";
		};
		CE4C9CA62820167200FEA589 /* CataPoke */ = {
			isa = PBXNativeTarget;
			buildConfigurationList = CE4C9CD12820167300FEA589 /* Build configuration list for PBXNativeTarget "CataPoke" */;
			buildPhases = (
				CE4C9CA32820167200FEA589 /* Sources */,
				CE4C9CA42820167200FEA589 /* Frameworks */,
				CE4C9CA52820167200FEA589 /* Resources */,
			);
			buildRules = (
			);
			dependencies = (
			);
			name = CataPoke;
			packageProductDependencies = (
				0122FA6B2914350300118577 /* SwiftyBeaver */,
				0122FA8B2915213000118577 /* Kingfisher */,
				0172250729184C3100198096 /* Lottie */,
			);
			productName = CataPoke;
			productReference = CE4C9CA72820167200FEA589 /* CataPoke.app */;
			productType = "com.apple.product-type.application";
		};
/* End PBXNativeTarget section */

/* Begin PBXProject section */
		CE4C9C9F2820167200FEA589 /* Project object */ = {
			isa = PBXProject;
			attributes = {
				BuildIndependentTargetsInParallel = 1;
				LastSwiftUpdateCheck = 1400;
				LastUpgradeCheck = 1330;
				TargetAttributes = {
					01A31E1F291AEABC00907581 = {
						CreatedOnToolsVersion = 14.0;
						TestTargetID = CE4C9CA62820167200FEA589;
					};
					CE4C9CA62820167200FEA589 = {
						CreatedOnToolsVersion = 13.3.1;
					};
				};
			};
			buildConfigurationList = CE4C9CA22820167200FEA589 /* Build configuration list for PBXProject "CataPoke" */;
			compatibilityVersion = "Xcode 13.0";
			developmentRegion = en;
			hasScannedForEncodings = 0;
			knownRegions = (
				en,
				Base,
				tr,
			);
			mainGroup = CE4C9C9E2820167200FEA589;
			packageReferences = (
				0122FA6A2914350300118577 /* XCRemoteSwiftPackageReference "SwiftyBeaver" */,
				0122FA8A2915213000118577 /* XCRemoteSwiftPackageReference "Kingfisher" */,
				0172250629184C3100198096 /* XCRemoteSwiftPackageReference "lottie-ios" */,
			);
			productRefGroup = CE4C9CA82820167200FEA589 /* Products */;
			projectDirPath = "";
			projectRoot = "";
			targets = (
				CE4C9CA62820167200FEA589 /* CataPoke */,
				01A31E1F291AEABC00907581 /* CataPokeTests */,
			);
		};
/* End PBXProject section */

/* Begin PBXResourcesBuildPhase section */
		01A31E1E291AEABC00907581 /* Resources */ = {
			isa = PBXResourcesBuildPhase;
			buildActionMask = 2147483647;
			files = (
				01A31E3D291AEFE700907581 /* SpecyDetailsResponse.json in Resources */,
				01B6A8E0291BF77200066E41 /* CharizardEvolutionChain.json in Resources */,
				01B6A8DC291BF72F00066E41 /* CharizardSpecyDetails.json in Resources */,
				01A31E43291AF08300907581 /* PokemonDetailsResponse.json in Resources */,
				01B6A8DE291BF75700066E41 /* CharizardPokemonDetails.json in Resources */,
				01B6A8C8291AF0CA00066E41 /* EvolutionChainResponse.json in Resources */,
				01A31E33291AEBC400907581 /* PokeList.json in Resources */,
			);
			runOnlyForDeploymentPostprocessing = 0;
		};
		CE4C9CA52820167200FEA589 /* Resources */ = {
			isa = PBXResourcesBuildPhase;
			buildActionMask = 2147483647;
			files = (
				CE4C9CB72820167300FEA589 /* LaunchScreen.storyboard in Resources */,
				0139818229197F3800CD4D17 /* error-animation.json in Resources */,
				0172251029184E6F00198096 /* pokeball-loading-animation.json in Resources */,
				0161A11329158BFF0019F3BC /* Localizable.strings in Resources */,
				CE4C9CB42820167300FEA589 /* Assets.xcassets in Resources */,
			);
			runOnlyForDeploymentPostprocessing = 0;
		};
/* End PBXResourcesBuildPhase section */

/* Begin PBXSourcesBuildPhase section */
		01A31E1C291AEABC00907581 /* Sources */ = {
			isa = PBXSourcesBuildPhase;
			buildActionMask = 2147483647;
			files = (
				01B6A8CA291AF0E400066E41 /* SpeciesDeteailsServiceTest.swift in Sources */,
				01A31E2F291AEB7900907581 /* MockURLProtocol.swift in Sources */,
				01B6A8D7291BCC0200066E41 /* ListPresenterTests.swift in Sources */,
				01B6A8CC291B990000066E41 /* PokemonDeteailsServiceTest.swift in Sources */,
				01B6A8E3291BFBC400066E41 /* DetailsScenePresenterTests.swift in Sources */,
				01A31E35291AEBFE00907581 /* ListServiceTests.swift in Sources */,
				01B6A8D0291B9BD800066E41 /* EvolutionChainService.swift in Sources */,
				01B6A8DA291BEF9400066E41 /* DetailsSceneInteractorTests.swift in Sources */,
				01A31E23291AEABC00907581 /* CataPokeTests.swift in Sources */,
				01B6A8D5291BC84200066E41 /* ListInteractorTests.swift in Sources */,
				01A31E2D291AEB6800907581 /* JSONTestHelper.swift in Sources */,
			);
			runOnlyForDeploymentPostprocessing = 0;
		};
		CE4C9CA32820167200FEA589 /* Sources */ = {
			isa = PBXSourcesBuildPhase;
			buildActionMask = 2147483647;
			files = (
				01A31E1B291AD8E000907581 /* PokemonInfoComponent.swift in Sources */,
				0161A1232915A2DA0019F3BC /* DetailsInterfaces.swift in Sources */,
				017225152918FD6000198096 /* Action.swift in Sources */,
				01A31E13291AC7EE00907581 /* TypeComponent.swift in Sources */,
				017225002918380F00198096 /* EvolutionChainComponent.swift in Sources */,
				01A31E19291AD48700907581 /* PropertyListComponent.swift in Sources */,
				CE9303C32822706E0057188E /* Species.swift in Sources */,
				0161A1252915A2DA0019F3BC /* DetailsViewController.swift in Sources */,
				0122FA692914328500118577 /* RequestHandler.swift in Sources */,
				0161A10E291589160019F3BC /* ColorExtension.swift in Sources */,
				01A31E17291AD0BE00907581 /* PokemonWithTitleComponent.swift in Sources */,
				017225172918FD8400198096 /* ActionButton.swift in Sources */,
				0122FA862914569700118577 /* ListInteractor.swift in Sources */,
				0122FA832914569700118577 /* ListInterfaces.swift in Sources */,
				0161A10C291577640019F3BC /* StringUtilitties.swift in Sources */,
				0122FA782914561D00118577 /* BaseWireframe.swift in Sources */,
				01A31E15291AC9DC00907581 /* UIImageExtension.swift in Sources */,
				CE4C9CAB2820167200FEA589 /* AppDelegate.swift in Sources */,
				0161A1242915A2DA0019F3BC /* DetailsPresenter.swift in Sources */,
				0161A1272915A2DA0019F3BC /* DetailsWireframe.swift in Sources */,
				CE9303C5282270F60057188E /* EvolutionChain.swift in Sources */,
				0122FA872914569700118577 /* ListWireframe.swift in Sources */,
				0122FA7D2914561D00118577 /* InteractorInterface.swift in Sources */,
				017225122918F23A00198096 /* PokeAlertView.swift in Sources */,
				0172250A29184C4F00198096 /* PokeIndicator.swift in Sources */,
				CE9303CA282271990057188E /* APIRoute.swift in Sources */,
				0161A1262915A2DA0019F3BC /* DetailsInteractor.swift in Sources */,
				0122FA842914569700118577 /* ListPresenter.swift in Sources */,
				0122FA7A2914561D00118577 /* UIStoryboardExtension.swift in Sources */,
				CE9303D128227CDE0057188E /* ListCell.swift in Sources */,
				CE9303CC2822741F0057188E /* RequestHandling.swift in Sources */,
				014D73FD2919A6DD001DC848 /* PokemonDetails.swift in Sources */,
				017224FE2916E60300198096 /* PokemonDetailsComponent.swift in Sources */,
				0122FA6F2914351D00118577 /* Logger.swift in Sources */,
				014D73F12919888F001DC848 /* ConnectionManager.swift in Sources */,
				0122FA7C2914561D00118577 /* ViewInterface.swift in Sources */,
				CE4C9CAD2820167200FEA589 /* SceneDelegate.swift in Sources */,
				0122FA7B2914561D00118577 /* PresenterInterface.swift in Sources */,
				0161A11829158CD20019F3BC /* StringExtension.swift in Sources */,
				CE9303D92822D1D30057188E /* SpeciesDetails.swift in Sources */,
				0122FA852914569700118577 /* ListViewController.swift in Sources */,
			);
			runOnlyForDeploymentPostprocessing = 0;
		};
/* End PBXSourcesBuildPhase section */

/* Begin PBXTargetDependency section */
		01A31E25291AEABC00907581 /* PBXTargetDependency */ = {
			isa = PBXTargetDependency;
			target = CE4C9CA62820167200FEA589 /* CataPoke */;
			targetProxy = 01A31E24291AEABC00907581 /* PBXContainerItemProxy */;
		};
/* End PBXTargetDependency section */

/* Begin PBXVariantGroup section */
		0161A11529158BFF0019F3BC /* Localizable.strings */ = {
			isa = PBXVariantGroup;
			children = (
				0161A11429158BFF0019F3BC /* en */,
				0161A11629158C180019F3BC /* tr */,
			);
			name = Localizable.strings;
			sourceTree = "<group>";
		};
		CE4C9CB52820167300FEA589 /* LaunchScreen.storyboard */ = {
			isa = PBXVariantGroup;
			children = (
				CE4C9CB62820167300FEA589 /* Base */,
			);
			name = LaunchScreen.storyboard;
			sourceTree = "<group>";
		};
/* End PBXVariantGroup section */

/* Begin XCBuildConfiguration section */
		01A31E27291AEABC00907581 /* Debug */ = {
			isa = XCBuildConfiguration;
			buildSettings = {
				BUNDLE_LOADER = "$(TEST_HOST)";
				CLANG_CXX_LANGUAGE_STANDARD = "gnu++20";
				CODE_SIGN_STYLE = Automatic;
				CURRENT_PROJECT_VERSION = 1;
				DEVELOPMENT_TEAM = 6LQ7CG225G;
				GENERATE_INFOPLIST_FILE = YES;
				IPHONEOS_DEPLOYMENT_TARGET = 16.0;
				MARKETING_VERSION = 1.0;
				PRODUCT_BUNDLE_IDENTIFIER = com.emndeniz.CataPokeTests;
				PRODUCT_NAME = "$(TARGET_NAME)";
				SWIFT_EMIT_LOC_STRINGS = NO;
				SWIFT_VERSION = 5.0;
				TARGETED_DEVICE_FAMILY = "1,2";
				TEST_HOST = "$(BUILT_PRODUCTS_DIR)/CataPoke.app/$(BUNDLE_EXECUTABLE_FOLDER_PATH)/CataPoke";
			};
			name = Debug;
		};
		01A31E28291AEABC00907581 /* Release */ = {
			isa = XCBuildConfiguration;
			buildSettings = {
				BUNDLE_LOADER = "$(TEST_HOST)";
				CLANG_CXX_LANGUAGE_STANDARD = "gnu++20";
				CODE_SIGN_STYLE = Automatic;
				CURRENT_PROJECT_VERSION = 1;
				DEVELOPMENT_TEAM = 6LQ7CG225G;
				GENERATE_INFOPLIST_FILE = YES;
				IPHONEOS_DEPLOYMENT_TARGET = 16.0;
				MARKETING_VERSION = 1.0;
				PRODUCT_BUNDLE_IDENTIFIER = com.emndeniz.CataPokeTests;
				PRODUCT_NAME = "$(TARGET_NAME)";
				SWIFT_EMIT_LOC_STRINGS = NO;
				SWIFT_VERSION = 5.0;
				TARGETED_DEVICE_FAMILY = "1,2";
				TEST_HOST = "$(BUILT_PRODUCTS_DIR)/CataPoke.app/$(BUNDLE_EXECUTABLE_FOLDER_PATH)/CataPoke";
			};
			name = Release;
		};
		CE4C9CCF2820167300FEA589 /* Debug */ = {
			isa = XCBuildConfiguration;
			buildSettings = {
				ALWAYS_SEARCH_USER_PATHS = NO;
				CLANG_ANALYZER_LOCALIZABILITY_NONLOCALIZED = YES;
				CLANG_ANALYZER_NONNULL = YES;
				CLANG_ANALYZER_NUMBER_OBJECT_CONVERSION = YES_AGGRESSIVE;
				CLANG_CXX_LANGUAGE_STANDARD = "gnu++17";
				CLANG_ENABLE_MODULES = YES;
				CLANG_ENABLE_OBJC_ARC = YES;
				CLANG_ENABLE_OBJC_WEAK = YES;
				CLANG_WARN_BLOCK_CAPTURE_AUTORELEASING = YES;
				CLANG_WARN_BOOL_CONVERSION = YES;
				CLANG_WARN_COMMA = YES;
				CLANG_WARN_CONSTANT_CONVERSION = YES;
				CLANG_WARN_DEPRECATED_OBJC_IMPLEMENTATIONS = YES;
				CLANG_WARN_DIRECT_OBJC_ISA_USAGE = YES_ERROR;
				CLANG_WARN_DOCUMENTATION_COMMENTS = YES;
				CLANG_WARN_EMPTY_BODY = YES;
				CLANG_WARN_ENUM_CONVERSION = YES;
				CLANG_WARN_INFINITE_RECURSION = YES;
				CLANG_WARN_INT_CONVERSION = YES;
				CLANG_WARN_NON_LITERAL_NULL_CONVERSION = YES;
				CLANG_WARN_OBJC_IMPLICIT_RETAIN_SELF = YES;
				CLANG_WARN_OBJC_LITERAL_CONVERSION = YES;
				CLANG_WARN_OBJC_ROOT_CLASS = YES_ERROR;
				CLANG_WARN_QUOTED_INCLUDE_IN_FRAMEWORK_HEADER = YES;
				CLANG_WARN_RANGE_LOOP_ANALYSIS = YES;
				CLANG_WARN_STRICT_PROTOTYPES = YES;
				CLANG_WARN_SUSPICIOUS_MOVE = YES;
				CLANG_WARN_UNGUARDED_AVAILABILITY = YES_AGGRESSIVE;
				CLANG_WARN_UNREACHABLE_CODE = YES;
				CLANG_WARN__DUPLICATE_METHOD_MATCH = YES;
				COPY_PHASE_STRIP = NO;
				DEBUG_INFORMATION_FORMAT = dwarf;
				ENABLE_STRICT_OBJC_MSGSEND = YES;
				ENABLE_TESTABILITY = YES;
				GCC_C_LANGUAGE_STANDARD = gnu11;
				GCC_DYNAMIC_NO_PIC = NO;
				GCC_NO_COMMON_BLOCKS = YES;
				GCC_OPTIMIZATION_LEVEL = 0;
				GCC_PREPROCESSOR_DEFINITIONS = (
					"DEBUG=1",
					"$(inherited)",
				);
				GCC_WARN_64_TO_32_BIT_CONVERSION = YES;
				GCC_WARN_ABOUT_RETURN_TYPE = YES_ERROR;
				GCC_WARN_UNDECLARED_SELECTOR = YES;
				GCC_WARN_UNINITIALIZED_AUTOS = YES_AGGRESSIVE;
				GCC_WARN_UNUSED_FUNCTION = YES;
				GCC_WARN_UNUSED_VARIABLE = YES;
				IPHONEOS_DEPLOYMENT_TARGET = 15.4;
				MTL_ENABLE_DEBUG_INFO = INCLUDE_SOURCE;
				MTL_FAST_MATH = YES;
				ONLY_ACTIVE_ARCH = YES;
				SDKROOT = iphoneos;
				SWIFT_ACTIVE_COMPILATION_CONDITIONS = DEBUG;
				SWIFT_OPTIMIZATION_LEVEL = "-Onone";
			};
			name = Debug;
		};
		CE4C9CD02820167300FEA589 /* Release */ = {
			isa = XCBuildConfiguration;
			buildSettings = {
				ALWAYS_SEARCH_USER_PATHS = NO;
				CLANG_ANALYZER_LOCALIZABILITY_NONLOCALIZED = YES;
				CLANG_ANALYZER_NONNULL = YES;
				CLANG_ANALYZER_NUMBER_OBJECT_CONVERSION = YES_AGGRESSIVE;
				CLANG_CXX_LANGUAGE_STANDARD = "gnu++17";
				CLANG_ENABLE_MODULES = YES;
				CLANG_ENABLE_OBJC_ARC = YES;
				CLANG_ENABLE_OBJC_WEAK = YES;
				CLANG_WARN_BLOCK_CAPTURE_AUTORELEASING = YES;
				CLANG_WARN_BOOL_CONVERSION = YES;
				CLANG_WARN_COMMA = YES;
				CLANG_WARN_CONSTANT_CONVERSION = YES;
				CLANG_WARN_DEPRECATED_OBJC_IMPLEMENTATIONS = YES;
				CLANG_WARN_DIRECT_OBJC_ISA_USAGE = YES_ERROR;
				CLANG_WARN_DOCUMENTATION_COMMENTS = YES;
				CLANG_WARN_EMPTY_BODY = YES;
				CLANG_WARN_ENUM_CONVERSION = YES;
				CLANG_WARN_INFINITE_RECURSION = YES;
				CLANG_WARN_INT_CONVERSION = YES;
				CLANG_WARN_NON_LITERAL_NULL_CONVERSION = YES;
				CLANG_WARN_OBJC_IMPLICIT_RETAIN_SELF = YES;
				CLANG_WARN_OBJC_LITERAL_CONVERSION = YES;
				CLANG_WARN_OBJC_ROOT_CLASS = YES_ERROR;
				CLANG_WARN_QUOTED_INCLUDE_IN_FRAMEWORK_HEADER = YES;
				CLANG_WARN_RANGE_LOOP_ANALYSIS = YES;
				CLANG_WARN_STRICT_PROTOTYPES = YES;
				CLANG_WARN_SUSPICIOUS_MOVE = YES;
				CLANG_WARN_UNGUARDED_AVAILABILITY = YES_AGGRESSIVE;
				CLANG_WARN_UNREACHABLE_CODE = YES;
				CLANG_WARN__DUPLICATE_METHOD_MATCH = YES;
				COPY_PHASE_STRIP = NO;
				DEBUG_INFORMATION_FORMAT = "dwarf-with-dsym";
				ENABLE_NS_ASSERTIONS = NO;
				ENABLE_STRICT_OBJC_MSGSEND = YES;
				GCC_C_LANGUAGE_STANDARD = gnu11;
				GCC_NO_COMMON_BLOCKS = YES;
				GCC_WARN_64_TO_32_BIT_CONVERSION = YES;
				GCC_WARN_ABOUT_RETURN_TYPE = YES_ERROR;
				GCC_WARN_UNDECLARED_SELECTOR = YES;
				GCC_WARN_UNINITIALIZED_AUTOS = YES_AGGRESSIVE;
				GCC_WARN_UNUSED_FUNCTION = YES;
				GCC_WARN_UNUSED_VARIABLE = YES;
				IPHONEOS_DEPLOYMENT_TARGET = 15.4;
				MTL_ENABLE_DEBUG_INFO = NO;
				MTL_FAST_MATH = YES;
				SDKROOT = iphoneos;
				SWIFT_COMPILATION_MODE = wholemodule;
				SWIFT_OPTIMIZATION_LEVEL = "-O";
				VALIDATE_PRODUCT = YES;
			};
			name = Release;
		};
		CE4C9CD22820167300FEA589 /* Debug */ = {
			isa = XCBuildConfiguration;
			buildSettings = {
				ASSETCATALOG_COMPILER_APPICON_NAME = AppIcon;
				ASSETCATALOG_COMPILER_GLOBAL_ACCENT_COLOR_NAME = AccentColor;
				CODE_SIGN_STYLE = Automatic;
				CURRENT_PROJECT_VERSION = 1;
				DEVELOPMENT_TEAM = V67D4G3GQV;
				GENERATE_INFOPLIST_FILE = YES;
				INFOPLIST_FILE = CataPoke/Info.plist;
				INFOPLIST_KEY_UIApplicationSupportsIndirectInputEvents = YES;
				INFOPLIST_KEY_UILaunchStoryboardName = LaunchScreen;
				INFOPLIST_KEY_UISupportedInterfaceOrientations_iPad = "UIInterfaceOrientationPortrait UIInterfaceOrientationPortraitUpsideDown UIInterfaceOrientationLandscapeLeft UIInterfaceOrientationLandscapeRight";
				INFOPLIST_KEY_UISupportedInterfaceOrientations_iPhone = "UIInterfaceOrientationPortrait UIInterfaceOrientationLandscapeLeft UIInterfaceOrientationLandscapeRight";
				LD_RUNPATH_SEARCH_PATHS = (
					"$(inherited)",
					"@executable_path/Frameworks",
				);
				MARKETING_VERSION = 1.0;
				PRODUCT_BUNDLE_IDENTIFIER = com.catawiki.CataPokeEmn;
				PRODUCT_NAME = "$(TARGET_NAME)";
				SWIFT_EMIT_LOC_STRINGS = YES;
				SWIFT_VERSION = 5.0;
				TARGETED_DEVICE_FAMILY = 1;
			};
			name = Debug;
		};
		CE4C9CD32820167300FEA589 /* Release */ = {
			isa = XCBuildConfiguration;
			buildSettings = {
				ASSETCATALOG_COMPILER_APPICON_NAME = AppIcon;
				ASSETCATALOG_COMPILER_GLOBAL_ACCENT_COLOR_NAME = AccentColor;
				CODE_SIGN_STYLE = Automatic;
				CURRENT_PROJECT_VERSION = 1;
				DEVELOPMENT_TEAM = V67D4G3GQV;
				GENERATE_INFOPLIST_FILE = YES;
				INFOPLIST_FILE = CataPoke/Info.plist;
				INFOPLIST_KEY_UIApplicationSupportsIndirectInputEvents = YES;
				INFOPLIST_KEY_UILaunchStoryboardName = LaunchScreen;
				INFOPLIST_KEY_UISupportedInterfaceOrientations_iPad = "UIInterfaceOrientationPortrait UIInterfaceOrientationPortraitUpsideDown UIInterfaceOrientationLandscapeLeft UIInterfaceOrientationLandscapeRight";
				INFOPLIST_KEY_UISupportedInterfaceOrientations_iPhone = "UIInterfaceOrientationPortrait UIInterfaceOrientationLandscapeLeft UIInterfaceOrientationLandscapeRight";
				LD_RUNPATH_SEARCH_PATHS = (
					"$(inherited)",
					"@executable_path/Frameworks",
				);
				MARKETING_VERSION = 1.0;
				PRODUCT_BUNDLE_IDENTIFIER = com.catawiki.CataPokeEmn;
				PRODUCT_NAME = "$(TARGET_NAME)";
				SWIFT_EMIT_LOC_STRINGS = YES;
				SWIFT_VERSION = 5.0;
				TARGETED_DEVICE_FAMILY = 1;
			};
			name = Release;
		};
/* End XCBuildConfiguration section */

/* Begin XCConfigurationList section */
		01A31E26291AEABC00907581 /* Build configuration list for PBXNativeTarget "CataPokeTests" */ = {
			isa = XCConfigurationList;
			buildConfigurations = (
				01A31E27291AEABC00907581 /* Debug */,
				01A31E28291AEABC00907581 /* Release */,
			);
			defaultConfigurationIsVisible = 0;
			defaultConfigurationName = Release;
		};
		CE4C9CA22820167200FEA589 /* Build configuration list for PBXProject "CataPoke" */ = {
			isa = XCConfigurationList;
			buildConfigurations = (
				CE4C9CCF2820167300FEA589 /* Debug */,
				CE4C9CD02820167300FEA589 /* Release */,
			);
			defaultConfigurationIsVisible = 0;
			defaultConfigurationName = Release;
		};
		CE4C9CD12820167300FEA589 /* Build configuration list for PBXNativeTarget "CataPoke" */ = {
			isa = XCConfigurationList;
			buildConfigurations = (
				CE4C9CD22820167300FEA589 /* Debug */,
				CE4C9CD32820167300FEA589 /* Release */,
			);
			defaultConfigurationIsVisible = 0;
			defaultConfigurationName = Release;
		};
/* End XCConfigurationList section */

/* Begin XCRemoteSwiftPackageReference section */
		0122FA6A2914350300118577 /* XCRemoteSwiftPackageReference "SwiftyBeaver" */ = {
			isa = XCRemoteSwiftPackageReference;
			repositoryURL = "https://github.com/SwiftyBeaver/SwiftyBeaver.git";
			requirement = {
				branch = master;
				kind = branch;
			};
		};
		0122FA8A2915213000118577 /* XCRemoteSwiftPackageReference "Kingfisher" */ = {
			isa = XCRemoteSwiftPackageReference;
			repositoryURL = "https://github.com/onevcat/Kingfisher.git";
			requirement = {
				kind = upToNextMajorVersion;
				minimumVersion = 7.0.0;
			};
		};
		0172250629184C3100198096 /* XCRemoteSwiftPackageReference "lottie-ios" */ = {
			isa = XCRemoteSwiftPackageReference;
			repositoryURL = "https://github.com/airbnb/lottie-ios.git";
			requirement = {
				branch = master;
				kind = branch;
			};
		};
/* End XCRemoteSwiftPackageReference section */

/* Begin XCSwiftPackageProductDependency section */
		0122FA6B2914350300118577 /* SwiftyBeaver */ = {
			isa = XCSwiftPackageProductDependency;
			package = 0122FA6A2914350300118577 /* XCRemoteSwiftPackageReference "SwiftyBeaver" */;
			productName = SwiftyBeaver;
		};
		0122FA8B2915213000118577 /* Kingfisher */ = {
			isa = XCSwiftPackageProductDependency;
			package = 0122FA8A2915213000118577 /* XCRemoteSwiftPackageReference "Kingfisher" */;
			productName = Kingfisher;
		};
		0172250729184C3100198096 /* Lottie */ = {
			isa = XCSwiftPackageProductDependency;
			package = 0172250629184C3100198096 /* XCRemoteSwiftPackageReference "lottie-ios" */;
			productName = Lottie;
		};
/* End XCSwiftPackageProductDependency section */
	};
	rootObject = CE4C9C9F2820167200FEA589 /* Project object */;
}
